// !$*UTF8*$!
{
	archiveVersion = 1;
	classes = {
	};
	objectVersion = 48;
	objects = {

/* Begin PBXBuildFile section */
		3B2F027A1FF6982E00DC92A9 /* AppDelegate.swift in Sources */ = {isa = PBXBuildFile; fileRef = 3B2F02791FF6982E00DC92A9 /* AppDelegate.swift */; };
		3B2F027C1FF6982E00DC92A9 /* WelcomeVC.swift in Sources */ = {isa = PBXBuildFile; fileRef = 3B2F027B1FF6982E00DC92A9 /* WelcomeVC.swift */; };
		3B2F027F1FF6982E00DC92A9 /* Main.storyboard in Resources */ = {isa = PBXBuildFile; fileRef = 3B2F027D1FF6982E00DC92A9 /* Main.storyboard */; };
		3B2F02811FF6982E00DC92A9 /* Assets.xcassets in Resources */ = {isa = PBXBuildFile; fileRef = 3B2F02801FF6982E00DC92A9 /* Assets.xcassets */; };
		3B2F02841FF6982E00DC92A9 /* LaunchScreen.storyboard in Resources */ = {isa = PBXBuildFile; fileRef = 3B2F02821FF6982E00DC92A9 /* LaunchScreen.storyboard */; };
		3B2F028D1FF6A08100DC92A9 /* BorderButton.swift in Sources */ = {isa = PBXBuildFile; fileRef = 3B2F028C1FF6A08100DC92A9 /* BorderButton.swift */; };
		3B2F02911FF6D51400DC92A9 /* LeagueVC.swift in Sources */ = {isa = PBXBuildFile; fileRef = 3B2F02901FF6D51400DC92A9 /* LeagueVC.swift */; };
		3B2F02931FF6D52B00DC92A9 /* SkillVC.swift in Sources */ = {isa = PBXBuildFile; fileRef = 3B2F02921FF6D52B00DC92A9 /* SkillVC.swift */; };
		3B2F02951FF81DC600DC92A9 /* Player.swift in Sources */ = {isa = PBXBuildFile; fileRef = 3B2F02941FF81DC600DC92A9 /* Player.swift */; };
/* End PBXBuildFile section */

/* Begin PBXFileReference section */
		3B2F02761FF6982E00DC92A9 /* app-swoosh.app */ = {isa = PBXFileReference; explicitFileType = wrapper.application; includeInIndex = 0; path = "app-swoosh.app"; sourceTree = BUILT_PRODUCTS_DIR; };
		3B2F02791FF6982E00DC92A9 /* AppDelegate.swift */ = {isa = PBXFileReference; lastKnownFileType = sourcecode.swift; path = AppDelegate.swift; sourceTree = "<group>"; };
		3B2F027B1FF6982E00DC92A9 /* WelcomeVC.swift */ = {isa = PBXFileReference; lastKnownFileType = sourcecode.swift; path = WelcomeVC.swift; sourceTree = "<group>"; };
		3B2F027E1FF6982E00DC92A9 /* Base */ = {isa = PBXFileReference; lastKnownFileType = file.storyboard; name = Base; path = Base.lproj/Main.storyboard; sourceTree = "<group>"; };
		3B2F02801FF6982E00DC92A9 /* Assets.xcassets */ = {isa = PBXFileReference; lastKnownFileType = folder.assetcatalog; path = Assets.xcassets; sourceTree = "<group>"; };
		3B2F02831FF6982E00DC92A9 /* Base */ = {isa = PBXFileReference; lastKnownFileType = file.storyboard; name = Base; path = Base.lproj/LaunchScreen.storyboard; sourceTree = "<group>"; };
		3B2F02851FF6982E00DC92A9 /* Info.plist */ = {isa = PBXFileReference; lastKnownFileType = text.plist.xml; path = Info.plist; sourceTree = "<group>"; };
		3B2F028C1FF6A08100DC92A9 /* BorderButton.swift */ = {isa = PBXFileReference; lastKnownFileType = sourcecode.swift; path = BorderButton.swift; sourceTree = "<group>"; };
		3B2F02901FF6D51400DC92A9 /* LeagueVC.swift */ = {isa = PBXFileReference; lastKnownFileType = sourcecode.swift; path = LeagueVC.swift; sourceTree = "<group>"; };
		3B2F02921FF6D52B00DC92A9 /* SkillVC.swift */ = {isa = PBXFileReference; lastKnownFileType = sourcecode.swift; path = SkillVC.swift; sourceTree = "<group>"; };
		3B2F02941FF81DC600DC92A9 /* Player.swift */ = {isa = PBXFileReference; lastKnownFileType = sourcecode.swift; path = Player.swift; sourceTree = "<group>"; };
/* End PBXFileReference section */

/* Begin PBXFrameworksBuildPhase section */
		3B2F02731FF6982E00DC92A9 /* Frameworks */ = {
			isa = PBXFrameworksBuildPhase;
			buildActionMask = 2147483647;
			files = (
			);
			runOnlyForDeploymentPostprocessing = 0;
		};
/* End PBXFrameworksBuildPhase section */

/* Begin PBXGroup section */
		3B2F026D1FF6982E00DC92A9 = {
			isa = PBXGroup;
			children = (
				3B2F02781FF6982E00DC92A9 /* app-swoosh */,
				3B2F02771FF6982E00DC92A9 /* Products */,
			);
			sourceTree = "<group>";
		};
		3B2F02771FF6982E00DC92A9 /* Products */ = {
			isa = PBXGroup;
			children = (
				3B2F02761FF6982E00DC92A9 /* app-swoosh.app */,
			);
			name = Products;
			sourceTree = "<group>";
		};
		3B2F02781FF6982E00DC92A9 /* app-swoosh */ = {
			isa = PBXGroup;
			children = (
				3B2F028F1FF6D44500DC92A9 /* Model */,
				3B2F028E1FF6D43400DC92A9 /* Controller */,
				3B2F028B1FF69FEB00DC92A9 /* View */,
				3B2F02791FF6982E00DC92A9 /* AppDelegate.swift */,
				3B2F027D1FF6982E00DC92A9 /* Main.storyboard */,
				3B2F02801FF6982E00DC92A9 /* Assets.xcassets */,
				3B2F02821FF6982E00DC92A9 /* LaunchScreen.storyboard */,
				3B2F02851FF6982E00DC92A9 /* Info.plist */,
			);
			path = "app-swoosh";
			sourceTree = "<group>";
		};
		3B2F028B1FF69FEB00DC92A9 /* View */ = {
			isa = PBXGroup;
			children = (
				3B2F028C1FF6A08100DC92A9 /* BorderButton.swift */,
			);
			path = View;
			sourceTree = "<group>";
		};
		3B2F028E1FF6D43400DC92A9 /* Controller */ = {
			isa = PBXGroup;
			children = (
				3B2F027B1FF6982E00DC92A9 /* WelcomeVC.swift */,
				3B2F02901FF6D51400DC92A9 /* LeagueVC.swift */,
				3B2F02921FF6D52B00DC92A9 /* SkillVC.swift */,
			);
			path = Controller;
			sourceTree = "<group>";
		};
		3B2F028F1FF6D44500DC92A9 /* Model */ = {
			isa = PBXGroup;
			children = (
				3B2F02941FF81DC600DC92A9 /* Player.swift */,
			);
			path = Model;
			sourceTree = "<group>";
		};
/* End PBXGroup section */

/* Begin PBXNativeTarget section */
		3B2F02751FF6982E00DC92A9 /* app-swoosh */ = {
			isa = PBXNativeTarget;
			buildConfigurationList = 3B2F02881FF6982E00DC92A9 /* Build configuration list for PBXNativeTarget "app-swoosh" */;
			buildPhases = (
				3B2F02721FF6982E00DC92A9 /* Sources */,
				3B2F02731FF6982E00DC92A9 /* Frameworks */,
				3B2F02741FF6982E00DC92A9 /* Resources */,
			);
			buildRules = (
			);
			dependencies = (
			);
			name = "app-swoosh";
			productName = "app-swoosh";
			productReference = 3B2F02761FF6982E00DC92A9 /* app-swoosh.app */;
			productType = "com.apple.product-type.application";
		};
/* End PBXNativeTarget section */

/* Begin PBXProject section */
		3B2F026E1FF6982E00DC92A9 /* Project object */ = {
			isa = PBXProject;
			attributes = {
				LastSwiftUpdateCheck = 0920;
				LastUpgradeCheck = 0920;
				ORGANIZATIONNAME = "Jakub Marek";
				TargetAttributes = {
					3B2F02751FF6982E00DC92A9 = {
						CreatedOnToolsVersion = 9.2;
						ProvisioningStyle = Automatic;
					};
				};
			};
			buildConfigurationList = 3B2F02711FF6982E00DC92A9 /* Build configuration list for PBXProject "app-swoosh" */;
			compatibilityVersion = "Xcode 8.0";
			developmentRegion = en;
			hasScannedForEncodings = 0;
			knownRegions = (
				en,
				Base,
			);
			mainGroup = 3B2F026D1FF6982E00DC92A9;
			productRefGroup = 3B2F02771FF6982E00DC92A9 /* Products */;
			projectDirPath = "";
			projectRoot = "";
			targets = (
				3B2F02751FF6982E00DC92A9 /* app-swoosh */,
			);
		};
/* End PBXProject section */

/* Begin PBXResourcesBuildPhase section */
		3B2F02741FF6982E00DC92A9 /* Resources */ = {
			isa = PBXResourcesBuildPhase;
			buildActionMask = 2147483647;
			files = (
				3B2F02841FF6982E00DC92A9 /* LaunchScreen.storyboard in Resources */,
				3B2F02811FF6982E00DC92A9 /* Assets.xcassets in Resources */,
				3B2F027F1FF6982E00DC92A9 /* Main.storyboard in Resources */,
			);
			runOnlyForDeploymentPostprocessing = 0;
		};
/* End PBXResourcesBuildPhase section */

/* Begin PBXSourcesBuildPhase section */
		3B2F02721FF6982E00DC92A9 /* Sources */ = {
			isa = PBXSourcesBuildPhase;
			buildActionMask = 2147483647;
			files = (
				3B2F027C1FF6982E00DC92A9 /* WelcomeVC.swift in Sources */,
				3B2F02911FF6D51400DC92A9 /* LeagueVC.swift in Sources */,
				3B2F027A1FF6982E00DC92A9 /* AppDelegate.swift in Sources */,
				3B2F02931FF6D52B00DC92A9 /* SkillVC.swift in Sources */,
				3B2F02951FF81DC600DC92A9 /* Player.swift in Sources */,
				3B2F028D1FF6A08100DC92A9 /* BorderButton.swift in Sources */,
			);
			runOnlyForDeploymentPostprocessing = 0;
		};
/* End PBXSourcesBuildPhase section */

/* Begin PBXVariantGroup section */
		3B2F027D1FF6982E00DC92A9 /* Main.storyboard */ = {
			isa = PBXVariantGroup;
			children = (
				3B2F027E1FF6982E00DC92A9 /* Base */,
			);
			name = Main.storyboard;
			sourceTree = "<group>";
		};
		3B2F02821FF6982E00DC92A9 /* LaunchScreen.storyboard */ = {
			isa = PBXVariantGroup;
			children = (
				3B2F02831FF6982E00DC92A9 /* Base */,
			);
			name = LaunchScreen.storyboard;
			sourceTree = "<group>";
		};
/* End PBXVariantGroup section */

/* Begin XCBuildConfiguration section */
		3B2F02861FF6982E00DC92A9 /* Debug */ = {
			isa = XCBuildConfiguration;
			buildSettings = {
				ALWAYS_SEARCH_USER_PATHS = NO;
				CLANG_ANALYZER_NONNULL = YES;
				CLANG_ANALYZER_NUMBER_OBJECT_CONVERSION = YES_AGGRESSIVE;
				CLANG_CXX_LANGUAGE_STANDARD = "gnu++14";
				CLANG_CXX_LIBRARY = "libc++";
				CLANG_ENABLE_MODULES = YES;
				CLANG_ENABLE_OBJC_ARC = YES;
				CLANG_WARN_BLOCK_CAPTURE_AUTORELEASING = YES;
				CLANG_WARN_BOOL_CONVERSION = YES;
				CLANG_WARN_COMMA = YES;
				CLANG_WARN_CONSTANT_CONVERSION = YES;
				CLANG_WARN_DIRECT_OBJC_ISA_USAGE = YES_ERROR;
				CLANG_WARN_DOCUMENTATION_COMMENTS = YES;
				CLANG_WARN_EMPTY_BODY = YES;
				CLANG_WARN_ENUM_CONVERSION = YES;
				CLANG_WARN_INFINITE_RECURSION = YES;
				CLANG_WARN_INT_CONVERSION = YES;
				CLANG_WARN_NON_LITERAL_NULL_CONVERSION = YES;
				CLANG_WARN_OBJC_LITERAL_CONVERSION = YES;
				CLANG_WARN_OBJC_ROOT_CLASS = YES_ERROR;
				CLANG_WARN_RANGE_LOOP_ANALYSIS = YES;
				CLANG_WARN_STRICT_PROTOTYPES = YES;
				CLANG_WARN_SUSPICIOUS_MOVE = YES;
				CLANG_WARN_UNGUARDED_AVAILABILITY = YES_AGGRESSIVE;
				CLANG_WARN_UNREACHABLE_CODE = YES;
				CLANG_WARN__DUPLICATE_METHOD_MATCH = YES;
				CODE_SIGN_IDENTITY = "iPhone Developer";
				COPY_PHASE_STRIP = NO;
				DEBUG_INFORMATION_FORMAT = dwarf;
				ENABLE_STRICT_OBJC_MSGSEND = YES;
				ENABLE_TESTABILITY = YES;
				GCC_C_LANGUAGE_STANDARD = gnu11;
				GCC_DYNAMIC_NO_PIC = NO;
				GCC_NO_COMMON_BLOCKS = YES;
				GCC_OPTIMIZATION_LEVEL = 0;
				GCC_PREPROCESSOR_DEFINITIONS = (
					"DEBUG=1",
					"$(inherited)",
				);
				GCC_WARN_64_TO_32_BIT_CONVERSION = YES;
				GCC_WARN_ABOUT_RETURN_TYPE = YES_ERROR;
				GCC_WARN_UNDECLARED_SELECTOR = YES;
				GCC_WARN_UNINITIALIZED_AUTOS = YES_AGGRESSIVE;
				GCC_WARN_UNUSED_FUNCTION = YES;
				GCC_WARN_UNUSED_VARIABLE = YES;
				IPHONEOS_DEPLOYMENT_TARGET = 11.2;
				MTL_ENABLE_DEBUG_INFO = YES;
				ONLY_ACTIVE_ARCH = YES;
				SDKROOT = iphoneos;
				SWIFT_ACTIVE_COMPILATION_CONDITIONS = DEBUG;
				SWIFT_OPTIMIZATION_LEVEL = "-Onone";
			};
			name = Debug;
		};
		3B2F02871FF6982E00DC92A9 /* Release */ = {
			isa = XCBuildConfiguration;
			buildSettings = {
				ALWAYS_SEARCH_USER_PATHS = NO;
				CLANG_ANALYZER_NONNULL = YES;
				CLANG_ANALYZER_NUMBER_OBJECT_CONVERSION = YES_AGGRESSIVE;
				CLANG_CXX_LANGUAGE_STANDARD = "gnu++14";
				CLANG_CXX_LIBRARY = "libc++";
				CLANG_ENABLE_MODULES = YES;
				CLANG_ENABLE_OBJC_ARC = YES;
				CLANG_WARN_BLOCK_CAPTURE_AUTORELEASING = YES;
				CLANG_WARN_BOOL_CONVERSION = YES;
				CLANG_WARN_COMMA = YES;
				CLANG_WARN_CONSTANT_CONVERSION = YES;
				CLANG_WARN_DIRECT_OBJC_ISA_USAGE = YES_ERROR;
				CLANG_WARN_DOCUMENTATION_COMMENTS = YES;
				CLANG_WARN_EMPTY_BODY = YES;
				CLANG_WARN_ENUM_CONVERSION = YES;
				CLANG_WARN_INFINITE_RECURSION = YES;
				CLANG_WARN_INT_CONVERSION = YES;
				CLANG_WARN_NON_LITERAL_NULL_CONVERSION = YES;
				CLANG_WARN_OBJC_LITERAL_CONVERSION = YES;
				CLANG_WARN_OBJC_ROOT_CLASS = YES_ERROR;
				CLANG_WARN_RANGE_LOOP_ANALYSIS = YES;
				CLANG_WARN_STRICT_PROTOTYPES = YES;
				CLANG_WARN_SUSPICIOUS_MOVE = YES;
				CLANG_WARN_UNGUARDED_AVAILABILITY = YES_AGGRESSIVE;
				CLANG_WARN_UNREACHABLE_CODE = YES;
				CLANG_WARN__DUPLICATE_METHOD_MATCH = YES;
				CODE_SIGN_IDENTITY = "iPhone Developer";
				COPY_PHASE_STRIP = NO;
				DEBUG_INFORMATION_FORMAT = "dwarf-with-dsym";
				ENABLE_NS_ASSERTIONS = NO;
				ENABLE_STRICT_OBJC_MSGSEND = YES;
				GCC_C_LANGUAGE_STANDARD = gnu11;
				GCC_NO_COMMON_BLOCKS = YES;
				GCC_WARN_64_TO_32_BIT_CONVERSION = YES;
				GCC_WARN_ABOUT_RETURN_TYPE = YES_ERROR;
				GCC_WARN_UNDECLARED_SELECTOR = YES;
				GCC_WARN_UNINITIALIZED_AUTOS = YES_AGGRESSIVE;
				GCC_WARN_UNUSED_FUNCTION = YES;
				GCC_WARN_UNUSED_VARIABLE = YES;
				IPHONEOS_DEPLOYMENT_TARGET = 11.2;
				MTL_ENABLE_DEBUG_INFO = NO;
				SDKROOT = iphoneos;
				SWIFT_OPTIMIZATION_LEVEL = "-Owholemodule";
				VALIDATE_PRODUCT = YES;
			};
			name = Release;
		};
		3B2F02891FF6982E00DC92A9 /* Debug */ = {
			isa = XCBuildConfiguration;
			buildSettings = {
				ASSETCATALOG_COMPILER_APPICON_NAME = AppIcon;
				CODE_SIGN_STYLE = Automatic;
				INFOPLIST_FILE = "app-swoosh/Info.plist";
				LD_RUNPATH_SEARCH_PATHS = "$(inherited) @executable_path/Frameworks";
				PRODUCT_BUNDLE_IDENTIFIER = "com.example.app-swoosh";
				PRODUCT_NAME = "$(TARGET_NAME)";
				SWIFT_VERSION = 4.0;
				TARGETED_DEVICE_FAMILY = "1,2";
			};
			name = Debug;
		};
		3B2F028A1FF6982E00DC92A9 /* Release */ = {
			isa = XCBuildConfiguration;
			buildSettings = {
				ASSETCATALOG_COMPILER_APPICON_NAME = AppIcon;
				CODE_SIGN_STYLE = Automatic;
				INFOPLIST_FILE = "app-swoosh/Info.plist";
				LD_RUNPATH_SEARCH_PATHS = "$(inherited) @executable_path/Frameworks";
				PRODUCT_BUNDLE_IDENTIFIER = "com.example.app-swoosh";
				PRODUCT_NAME = "$(TARGET_NAME)";
				SWIFT_VERSION = 4.0;
				TARGETED_DEVICE_FAMILY = "1,2";
			};
			name = Release;
		};
/* End XCBuildConfiguration section */

/* Begin XCConfigurationList section */
		3B2F02711FF6982E00DC92A9 /* Build configuration list for PBXProject "app-swoosh" */ = {
			isa = XCConfigurationList;
			buildConfigurations = (
				3B2F02861FF6982E00DC92A9 /* Debug */,
				3B2F02871FF6982E00DC92A9 /* Release */,
			);
			defaultConfigurationIsVisible = 0;
			defaultConfigurationName = Release;
		};
		3B2F02881FF6982E00DC92A9 /* Build configuration list for PBXNativeTarget "app-swoosh" */ = {
			isa = XCConfigurationList;
			buildConfigurations = (
				3B2F02891FF6982E00DC92A9 /* Debug */,
				3B2F028A1FF6982E00DC92A9 /* Release */,
			);
			defaultConfigurationIsVisible = 0;
			defaultConfigurationName = Release;
		};
/* End XCConfigurationList section */
	};
	rootObject = 3B2F026E1FF6982E00DC92A9 /* Project object */;
}
